
Microsoft Visual Studio Solution File, Format Version 12.00
# Visual Studio 14
VisualStudioVersion = 14.0.24720.0
MinimumVisualStudioVersion = 10.0.40219.1
Project("{FAE04EC0-301F-11D3-BF4B-00C04F79EFBC}") = "DefaultApp", "DefaultApp\DefaultApp\DefaultApp.csproj", "{EEBB12A0-B781-4C5B-9F9A-35AA840D906A}"
EndProject
Project("{FAE04EC0-301F-11D3-BF4B-00C04F79EFBC}") = "DefaultApp.AppWinForms", "DefaultApp\DefaultApp.AppWinForms\DefaultApp.AppWinForms.csproj", "{F436215A-F457-47E9-B2DB-618578917D02}"
EndProject
Project("{FAE04EC0-301F-11D3-BF4B-00C04F79EFBC}") = "DefaultApp.AppConsole", "DefaultApp\DefaultApp.AppConsole\DefaultApp.AppConsole.csproj", "{6AB8B50C-3BE2-498E-8313-053AF2C42BAC}"
EndProject
Project("{FAE04EC0-301F-11D3-BF4B-00C04F79EFBC}") = "DefaultApp.Resources", "DefaultApp\DefaultApp.Resources\DefaultApp.Resources.csproj", "{7AEB7BBE-B730-43F3-93B7-5689ABD05F14}"
EndProject
Project("{FAE04EC0-301F-11D3-BF4B-00C04F79EFBC}") = "DefaultApp.ServiceModel", "DefaultApp\DefaultApp.ServiceModel\DefaultApp.ServiceModel.csproj", "{A8D0630F-B52D-47A7-B9E9-6DD222165242}"
EndProject
Project("{FAE04EC0-301F-11D3-BF4B-00C04F79EFBC}") = "DefaultApp.ServiceInterface", "DefaultApp\DefaultApp.ServiceInterface\DefaultApp.ServiceInterface.csproj", "{9F891660-BADF-4411-9186-9F03DF4313D2}"
EndProject
Project("{FAE04EC0-301F-11D3-BF4B-00C04F79EFBC}") = "DefaultApp.Tests", "DefaultApp\DefaultApp.Tests\DefaultApp.Tests.csproj", "{B1665387-EF91-4CA0-82BB-66E5781ED800}"
EndProject
Global
	GlobalSection(SolutionConfigurationPlatforms) = preSolution
		Debug|Any CPU = Debug|Any CPU
		Debug|x86 = Debug|x86
		Release|Any CPU = Release|Any CPU
		Release|x86 = Release|x86
	EndGlobalSection
	GlobalSection(ProjectConfigurationPlatforms) = postSolution
		{EEBB12A0-B781-4C5B-9F9A-35AA840D906A}.Debug|Any CPU.ActiveCfg = Debug|Any CPU
		{EEBB12A0-B781-4C5B-9F9A-35AA840D906A}.Debug|Any CPU.Build.0 = Debug|Any CPU
		{EEBB12A0-B781-4C5B-9F9A-35AA840D906A}.Debug|x86.ActiveCfg = Debug|Any CPU
		{EEBB12A0-B781-4C5B-9F9A-35AA840D906A}.Debug|x86.Build.0 = Debug|Any CPU
		{EEBB12A0-B781-4C5B-9F9A-35AA840D906A}.Release|Any CPU.ActiveCfg = Release|Any CPU
		{EEBB12A0-B781-4C5B-9F9A-35AA840D906A}.Release|Any CPU.Build.0 = Release|Any CPU
		{EEBB12A0-B781-4C5B-9F9A-35AA840D906A}.Release|x86.ActiveCfg = Release|Any CPU
		{EEBB12A0-B781-4C5B-9F9A-35AA840D906A}.Release|x86.Build.0 = Release|Any CPU
		{F436215A-F457-47E9-B2DB-618578917D02}.Debug|Any CPU.ActiveCfg = Debug|x86
		{F436215A-F457-47E9-B2DB-618578917D02}.Debug|x86.ActiveCfg = Debug|x86
		{F436215A-F457-47E9-B2DB-618578917D02}.Debug|x86.Build.0 = Debug|x86
		{F436215A-F457-47E9-B2DB-618578917D02}.Release|Any CPU.ActiveCfg = Release|x86
		{F436215A-F457-47E9-B2DB-618578917D02}.Release|x86.ActiveCfg = Release|x86
		{F436215A-F457-47E9-B2DB-618578917D02}.Release|x86.Build.0 = Release|x86
		{6AB8B50C-3BE2-498E-8313-053AF2C42BAC}.Debug|Any CPU.ActiveCfg = Debug|Any CPU
		{6AB8B50C-3BE2-498E-8313-053AF2C42BAC}.Debug|Any CPU.Build.0 = Debug|Any CPU
		{6AB8B50C-3BE2-498E-8313-053AF2C42BAC}.Debug|x86.ActiveCfg = Debug|Any CPU
		{6AB8B50C-3BE2-498E-8313-053AF2C42BAC}.Debug|x86.Build.0 = Debug|Any CPU
		{6AB8B50C-3BE2-498E-8313-053AF2C42BAC}.Release|Any CPU.ActiveCfg = Release|Any CPU
		{6AB8B50C-3BE2-498E-8313-053AF2C42BAC}.Release|Any CPU.Build.0 = Release|Any CPU
		{6AB8B50C-3BE2-498E-8313-053AF2C42BAC}.Release|x86.ActiveCfg = Release|Any CPU
		{6AB8B50C-3BE2-498E-8313-053AF2C42BAC}.Release|x86.Build.0 = Release|Any CPU
		{7AEB7BBE-B730-43F3-93B7-5689ABD05F14}.Debug|Any CPU.ActiveCfg = Debug|Any CPU
		{7AEB7BBE-B730-43F3-93B7-5689ABD05F14}.Debug|Any CPU.Build.0 = Debug|Any CPU
		{7AEB7BBE-B730-43F3-93B7-5689ABD05F14}.Debug|x86.ActiveCfg = Debug|Any CPU
		{7AEB7BBE-B730-43F3-93B7-5689ABD05F14}.Debug|x86.Build.0 = Debug|Any CPU
		{7AEB7BBE-B730-43F3-93B7-5689ABD05F14}.Release|Any CPU.ActiveCfg = Release|Any CPU
		{7AEB7BBE-B730-43F3-93B7-5689ABD05F14}.Release|Any CPU.Build.0 = Release|Any CPU
		{7AEB7BBE-B730-43F3-93B7-5689ABD05F14}.Release|x86.ActiveCfg = Release|Any CPU
		{7AEB7BBE-B730-43F3-93B7-5689ABD05F14}.Release|x86.Build.0 = Release|Any CPU
		{A8D0630F-B52D-47A7-B9E9-6DD222165242}.Debug|Any CPU.ActiveCfg = Debug|Any CPU
		{A8D0630F-B52D-47A7-B9E9-6DD222165242}.Debug|Any CPU.Build.0 = Debug|Any CPU
		{A8D0630F-B52D-47A7-B9E9-6DD222165242}.Debug|x86.ActiveCfg = Debug|Any CPU
		{A8D0630F-B52D-47A7-B9E9-6DD222165242}.Debug|x86.Build.0 = Debug|Any CPU
		{A8D0630F-B52D-47A7-B9E9-6DD222165242}.Release|Any CPU.ActiveCfg = Release|Any CPU
		{A8D0630F-B52D-47A7-B9E9-6DD222165242}.Release|Any CPU.Build.0 = Release|Any CPU
		{A8D0630F-B52D-47A7-B9E9-6DD222165242}.Release|x86.ActiveCfg = Release|Any CPU
		{A8D0630F-B52D-47A7-B9E9-6DD222165242}.Release|x86.Build.0 = Release|Any CPU
		{9F891660-BADF-4411-9186-9F03DF4313D2}.Debug|Any CPU.ActiveCfg = Debug|Any CPU
		{9F891660-BADF-4411-9186-9F03DF4313D2}.Debug|Any CPU.Build.0 = Debug|Any CPU
		{9F891660-BADF-4411-9186-9F03DF4313D2}.Debug|x86.ActiveCfg = Debug|Any CPU
		{9F891660-BADF-4411-9186-9F03DF4313D2}.Debug|x86.Build.0 = Debug|Any CPU
		{9F891660-BADF-4411-9186-9F03DF4313D2}.Release|Any CPU.ActiveCfg = Release|Any CPU
		{9F891660-BADF-4411-9186-9F03DF4313D2}.Release|Any CPU.Build.0 = Release|Any CPU
		{9F891660-BADF-4411-9186-9F03DF4313D2}.Release|x86.ActiveCfg = Release|Any CPU
		{9F891660-BADF-4411-9186-9F03DF4313D2}.Release|x86.Build.0 = Release|Any CPU
		{B1665387-EF91-4CA0-82BB-66E5781ED800}.Debug|Any CPU.ActiveCfg = Debug|Any CPU
		{B1665387-EF91-4CA0-82BB-66E5781ED800}.Debug|Any CPU.Build.0 = Debug|Any CPU
		{B1665387-EF91-4CA0-82BB-66E5781ED800}.Debug|x86.ActiveCfg = Debug|Any CPU
		{B1665387-EF91-4CA0-82BB-66E5781ED800}.Debug|x86.Build.0 = Debug|Any CPU
		{B1665387-EF91-4CA0-82BB-66E5781ED800}.Release|Any CPU.ActiveCfg = Release|Any CPU
		{B1665387-EF91-4CA0-82BB-66E5781ED800}.Release|Any CPU.Build.0 = Release|Any CPU
		{B1665387-EF91-4CA0-82BB-66E5781ED800}.Release|x86.ActiveCfg = Release|Any CPU
		{B1665387-EF91-4CA0-82BB-66E5781ED800}.Release|x86.Build.0 = Release|Any CPU
	EndGlobalSection
	GlobalSection(SolutionProperties) = preSolution
		HideSolutionNode = FALSE
	EndGlobalSection
EndGlobal
